
Microsoft Visual Studio Solution File, Format Version 12.00
# Visual Studio Version 16
VisualStudioVersion = 16.0.28803.452
MinimumVisualStudioVersion = 10.0.40219.1
Project("{FAE04EC0-301F-11D3-BF4B-00C04F79EFBC}") = "SharpSpring.Console", "SharpSpring.Console\SharpSpring.Console.csproj", "{DADC5923-9238-46E8-B2DF-E55360A3039C}"
EndProject
Project("{FAE04EC0-301F-11D3-BF4B-00C04F79EFBC}") = "SharpSpringApi", "SharpSpringApi\SharpSpringApi.csproj", "{1AE80BF4-9A46-470B-AE35-8E8508DB29FB}"
EndProject
Global
	GlobalSection(SolutionConfigurationPlatforms) = preSolution
		Debug|Any CPU = Debug|Any CPU
		Debug|x64 = Debug|x64
		Debug|x86 = Debug|x86
		Release|Any CPU = Release|Any CPU
		Release|x64 = Release|x64
		Release|x86 = Release|x86
	EndGlobalSection
	GlobalSection(ProjectConfigurationPlatforms) = postSolution
		{DADC5923-9238-46E8-B2DF-E55360A3039C}.Debug|Any CPU.ActiveCfg = Debug|Any CPU
		{DADC5923-9238-46E8-B2DF-E55360A3039C}.Debug|Any CPU.Build.0 = Debug|Any CPU
		{DADC5923-9238-46E8-B2DF-E55360A3039C}.Debug|x64.ActiveCfg = Debug|Any CPU
		{DADC5923-9238-46E8-B2DF-E55360A3039C}.Debug|x64.Build.0 = Debug|Any CPU
		{DADC5923-9238-46E8-B2DF-E55360A3039C}.Debug|x86.ActiveCfg = Debug|Any CPU
		{DADC5923-9238-46E8-B2DF-E55360A3039C}.Debug|x86.Build.0 = Debug|Any CPU
		{DADC5923-9238-46E8-B2DF-E55360A3039C}.Release|Any CPU.ActiveCfg = Release|Any CPU
		{DADC5923-9238-46E8-B2DF-E55360A3039C}.Release|Any CPU.Build.0 = Release|Any CPU
		{DADC5923-9238-46E8-B2DF-E55360A3039C}.Release|x64.ActiveCfg = Release|Any CPU
		{DADC5923-9238-46E8-B2DF-E55360A3039C}.Release|x64.Build.0 = Release|Any CPU
		{DADC5923-9238-46E8-B2DF-E55360A3039C}.Release|x86.ActiveCfg = Release|Any CPU
		{DADC5923-9238-46E8-B2DF-E55360A3039C}.Release|x86.Build.0 = Release|Any CPU
		{1AE80BF4-9A46-470B-AE35-8E8508DB29FB}.Debug|Any CPU.ActiveCfg = Debug|Any CPU
		{1AE80BF4-9A46-470B-AE35-8E8508DB29FB}.Debug|Any CPU.Build.0 = Debug|Any CPU
		{1AE80BF4-9A46-470B-AE35-8E8508DB29FB}.Debug|x64.ActiveCfg = Debug|Any CPU
		{1AE80BF4-9A46-470B-AE35-8E8508DB29FB}.Debug|x64.Build.0 = Debug|Any CPU
		{1AE80BF4-9A46-470B-AE35-8E8508DB29FB}.Debug|x86.ActiveCfg = Debug|Any CPU
		{1AE80BF4-9A46-470B-AE35-8E8508DB29FB}.Debug|x86.Build.0 = Debug|Any CPU
		{1AE80BF4-9A46-470B-AE35-8E8508DB29FB}.Release|Any CPU.ActiveCfg = Release|Any CPU
		{1AE80BF4-9A46-470B-AE35-8E8508DB29FB}.Release|Any CPU.Build.0 = Release|Any CPU
		{1AE80BF4-9A46-470B-AE35-8E8508DB29FB}.Release|x64.ActiveCfg = Release|Any CPU
		{1AE80BF4-9A46-470B-AE35-8E8508DB29FB}.Release|x64.Build.0 = Release|Any CPU
		{1AE80BF4-9A46-470B-AE35-8E8508DB29FB}.Release|x86.ActiveCfg = Release|Any CPU
		{1AE80BF4-9A46-470B-AE35-8E8508DB29FB}.Release|x86.Build.0 = Release|Any CPU
	EndGlobalSection
	GlobalSection(SolutionProperties) = preSolution
		HideSolutionNode = FALSE
	EndGlobalSection
	GlobalSection(ExtensibilityGlobals) = postSolution
		SolutionGuid = {28894426-FE70-446E-AEA1-AB1149D9E659}
	EndGlobalSection
EndGlobal
